// !$*UTF8*$!
{
	archiveVersion = 1;
	classes = {
	};
	objectVersion = 51;
	objects = {

/* Begin PBXBuildFile section */
		A38EEC242ACACD9BDAF25275 /* Pods_GithubProfile.framework in Frameworks */ = {isa = PBXBuildFile; fileRef = 7D89F37651EF82BFE92F8B43 /* Pods_GithubProfile.framework */; };
		B617DA8D26736E39005EA086 /* ProfileViewPresenter.swift in Sources */ = {isa = PBXBuildFile; fileRef = B617DA8C26736E39005EA086 /* ProfileViewPresenter.swift */; };
		B617DA9526737091005EA086 /* RepositoryItem.swift in Sources */ = {isa = PBXBuildFile; fileRef = B617DA9426737091005EA086 /* RepositoryItem.swift */; };
		B617DA9D26740002005EA086 /* HorizontalRepositoryCollectionView.swift in Sources */ = {isa = PBXBuildFile; fileRef = B617DA9C26740002005EA086 /* HorizontalRepositoryCollectionView.swift */; };
		B64768FA26706E0500F93CA4 /* AppDelegate.swift in Sources */ = {isa = PBXBuildFile; fileRef = B64768F926706E0500F93CA4 /* AppDelegate.swift */; };
		B64768FE26706E0500F93CA4 /* ProfileViewController.swift in Sources */ = {isa = PBXBuildFile; fileRef = B64768FD26706E0500F93CA4 /* ProfileViewController.swift */; };
		B647690326706E0600F93CA4 /* Assets.xcassets in Resources */ = {isa = PBXBuildFile; fileRef = B647690226706E0600F93CA4 /* Assets.xcassets */; };
		B647690626706E0600F93CA4 /* LaunchScreen.storyboard in Resources */ = {isa = PBXBuildFile; fileRef = B647690426706E0600F93CA4 /* LaunchScreen.storyboard */; };
		B647691C26706E0600F93CA4 /* GithubProfileUITests.swift in Sources */ = {isa = PBXBuildFile; fileRef = B647691B26706E0600F93CA4 /* GithubProfileUITests.swift */; };
		B64769352670905F00F93CA4 /* Extensions.swift in Sources */ = {isa = PBXBuildFile; fileRef = B64769342670905F00F93CA4 /* Extensions.swift */; };
		B647695126713AE600F93CA4 /* schema.graphql in Resources */ = {isa = PBXBuildFile; fileRef = B647695026713AE600F93CA4 /* schema.graphql */; };
		B6476A0B2671EE9400F93CA4 /* API.swift in Sources */ = {isa = PBXBuildFile; fileRef = B6476A0A2671EE9400F93CA4 /* API.swift */; };
		B6476A102671F54600F93CA4 /* NetworkManager.swift in Sources */ = {isa = PBXBuildFile; fileRef = B6476A0F2671F54600F93CA4 /* NetworkManager.swift */; };
		B6476A112671F54600F93CA4 /* NetworkManager.swift in Sources */ = {isa = PBXBuildFile; fileRef = B6476A0F2671F54600F93CA4 /* NetworkManager.swift */; };
		B6476A172671F9EA00F93CA4 /* ResponseLoggingInterceptor.swift in Sources */ = {isa = PBXBuildFile; fileRef = B6476A162671F9EA00F93CA4 /* ResponseLoggingInterceptor.swift */; };
		B6476A182671F9EA00F93CA4 /* ResponseLoggingInterceptor.swift in Sources */ = {isa = PBXBuildFile; fileRef = B6476A162671F9EA00F93CA4 /* ResponseLoggingInterceptor.swift */; };
		B6476A202671FA4C00F93CA4 /* RequestLoggingInterceptor.swift in Sources */ = {isa = PBXBuildFile; fileRef = B6476A1F2671FA4C00F93CA4 /* RequestLoggingInterceptor.swift */; };
		B6476A212671FA4C00F93CA4 /* RequestLoggingInterceptor.swift in Sources */ = {isa = PBXBuildFile; fileRef = B6476A1F2671FA4C00F93CA4 /* RequestLoggingInterceptor.swift */; };
		B6476A262672349D00F93CA4 /* HorizontalRepocitoryTableViewCell.swift in Sources */ = {isa = PBXBuildFile; fileRef = B6476A252672349D00F93CA4 /* HorizontalRepocitoryTableViewCell.swift */; };
		B6476A2B267234AC00F93CA4 /* PinnedRepoTableViewCell.swift in Sources */ = {isa = PBXBuildFile; fileRef = B6476A2A267234AC00F93CA4 /* PinnedRepoTableViewCell.swift */; };
		B6476A30267234CA00F93CA4 /* RepoSectionHeader.swift in Sources */ = {isa = PBXBuildFile; fileRef = B6476A2F267234CA00F93CA4 /* RepoSectionHeader.swift */; };
		B6476A382672374000F93CA4 /* ProfileDetailView.swift in Sources */ = {isa = PBXBuildFile; fileRef = B6476A372672374000F93CA4 /* ProfileDetailView.swift */; };
		B6476A4526723C6D00F93CA4 /* Enums.swift in Sources */ = {isa = PBXBuildFile; fileRef = B6476A4426723C6D00F93CA4 /* Enums.swift */; };
		B6476A6726726F6A00F93CA4 /* Profile.swift in Sources */ = {isa = PBXBuildFile; fileRef = B6476A6626726F6A00F93CA4 /* Profile.swift */; };
		B6AE911D2676C9C10079C807 /* CacheManager.swift in Sources */ = {isa = PBXBuildFile; fileRef = B6AE911C2676C9C10079C807 /* CacheManager.swift */; };
		B6AE9137267721010079C807 /* ProfileViewPresenterTest.swift in Sources */ = {isa = PBXBuildFile; fileRef = B6AE9136267721010079C807 /* ProfileViewPresenterTest.swift */; };
		B6AE91532677325F0079C807 /* DataManager.swift in Sources */ = {isa = PBXBuildFile; fileRef = B6AE91522677325F0079C807 /* DataManager.swift */; };
		B6AE9167267736E10079C807 /* MockDataManager.swift in Sources */ = {isa = PBXBuildFile; fileRef = B6AE9166267736E10079C807 /* MockDataManager.swift */; };
		B6AE916C267738CB0079C807 /* MockDataFailedManager.swift in Sources */ = {isa = PBXBuildFile; fileRef = B6AE916B267738CB0079C807 /* MockDataFailedManager.swift */; };
		B6AE917126773A4A0079C807 /* ProfileViewPresenterSpy.swift in Sources */ = {isa = PBXBuildFile; fileRef = B6AE917026773A4A0079C807 /* ProfileViewPresenterSpy.swift */; };
		B6AE9179267747A60079C807 /* PinnedRepoCellSpy.swift in Sources */ = {isa = PBXBuildFile; fileRef = B6AE9178267747A60079C807 /* PinnedRepoCellSpy.swift */; };
		B6CCE5BE267665360079D7F7 /* Constant.swift in Sources */ = {isa = PBXBuildFile; fileRef = B6CCE5BD267665360079D7F7 /* Constant.swift */; };
		B6CCE5D2267678230079D7F7 /* SourceSansPro-Black.ttf in Resources */ = {isa = PBXBuildFile; fileRef = B6CCE5CE267671680079D7F7 /* SourceSansPro-Black.ttf */; };
		B6CCE5D3267678230079D7F7 /* SourceSansPro-BlackItalic.ttf in Resources */ = {isa = PBXBuildFile; fileRef = B6CCE5CD267671640079D7F7 /* SourceSansPro-BlackItalic.ttf */; };
		B6CCE5D4267678230079D7F7 /* SourceSansPro-Bold.ttf in Resources */ = {isa = PBXBuildFile; fileRef = B6CCE5C82676714F0079D7F7 /* SourceSansPro-Bold.ttf */; };
		B6CCE5D5267678230079D7F7 /* SourceSansPro-BoldItalic.ttf in Resources */ = {isa = PBXBuildFile; fileRef = B6CCE5C5267671410079D7F7 /* SourceSansPro-BoldItalic.ttf */; };
		B6CCE5D6267678230079D7F7 /* SourceSansPro-ExtraLight.ttf in Resources */ = {isa = PBXBuildFile; fileRef = B6CCE5C9267671530079D7F7 /* SourceSansPro-ExtraLight.ttf */; };
		B6CCE5D7267678230079D7F7 /* SourceSansPro-ExtraLightItalic.ttf in Resources */ = {isa = PBXBuildFile; fileRef = B6CCE5C3267671380079D7F7 /* SourceSansPro-ExtraLightItalic.ttf */; };
		B6CCE5D8267678230079D7F7 /* SourceSansPro-Italic.ttf in Resources */ = {isa = PBXBuildFile; fileRef = B6CCE5C72676714B0079D7F7 /* SourceSansPro-Italic.ttf */; };
		B6CCE5D9267678230079D7F7 /* SourceSansPro-Light.ttf in Resources */ = {isa = PBXBuildFile; fileRef = B6CCE5CA267671570079D7F7 /* SourceSansPro-Light.ttf */; };
		B6CCE5DA267678230079D7F7 /* SourceSansPro-LightItalic.ttf in Resources */ = {isa = PBXBuildFile; fileRef = B6CCE5C6267671460079D7F7 /* SourceSansPro-LightItalic.ttf */; };
		B6CCE5DB267678230079D7F7 /* SourceSansPro-Regular.ttf in Resources */ = {isa = PBXBuildFile; fileRef = B6CCE5CB2676715B0079D7F7 /* SourceSansPro-Regular.ttf */; };
		B6CCE5DC267678230079D7F7 /* SourceSansPro-SemiBold.ttf in Resources */ = {isa = PBXBuildFile; fileRef = B6CCE5C42676713D0079D7F7 /* SourceSansPro-SemiBold.ttf */; };
		B6CCE5DD267678230079D7F7 /* SourceSansPro-SemiBoldItalic.ttf in Resources */ = {isa = PBXBuildFile; fileRef = B6CCE5CC2676715F0079D7F7 /* SourceSansPro-SemiBoldItalic.ttf */; };
		E63C7D1E06A8B62C36826169 /* Pods_GithubProfile_GithubProfileUITests.framework in Frameworks */ = {isa = PBXBuildFile; fileRef = 820D96C8103BE32B2E542023 /* Pods_GithubProfile_GithubProfileUITests.framework */; };
		F01A033A6ED2894181507243 /* Pods_GithubProfileTests.framework in Frameworks */ = {isa = PBXBuildFile; fileRef = 4C870968FCD8BA292DFA29D9 /* Pods_GithubProfileTests.framework */; };
/* End PBXBuildFile section */

/* Begin PBXContainerItemProxy section */
		B647690D26706E0600F93CA4 /* PBXContainerItemProxy */ = {
			isa = PBXContainerItemProxy;
			containerPortal = B64768EE26706E0500F93CA4 /* Project object */;
			proxyType = 1;
			remoteGlobalIDString = B64768F526706E0500F93CA4;
			remoteInfo = GithubProfile;
		};
		B647691826706E0600F93CA4 /* PBXContainerItemProxy */ = {
			isa = PBXContainerItemProxy;
			containerPortal = B64768EE26706E0500F93CA4 /* Project object */;
			proxyType = 1;
			remoteGlobalIDString = B64768F526706E0500F93CA4;
			remoteInfo = GithubProfile;
		};
/* End PBXContainerItemProxy section */

/* Begin PBXFileReference section */
		11ECBA2CE0467AAA6CE5171B /* Pods-GithubProfileTests.debug.xcconfig */ = {isa = PBXFileReference; includeInIndex = 1; lastKnownFileType = text.xcconfig; name = "Pods-GithubProfileTests.debug.xcconfig"; path = "Target Support Files/Pods-GithubProfileTests/Pods-GithubProfileTests.debug.xcconfig"; sourceTree = "<group>"; };
		16FB7F4E5BEFF542A23806D8 /* Pods-GithubProfileTests.release.xcconfig */ = {isa = PBXFileReference; includeInIndex = 1; lastKnownFileType = text.xcconfig; name = "Pods-GithubProfileTests.release.xcconfig"; path = "Target Support Files/Pods-GithubProfileTests/Pods-GithubProfileTests.release.xcconfig"; sourceTree = "<group>"; };
		2361B7E88778BD2A804481F7 /* Pods-GithubProfile-GithubProfileUITests.release.xcconfig */ = {isa = PBXFileReference; includeInIndex = 1; lastKnownFileType = text.xcconfig; name = "Pods-GithubProfile-GithubProfileUITests.release.xcconfig"; path = "Target Support Files/Pods-GithubProfile-GithubProfileUITests/Pods-GithubProfile-GithubProfileUITests.release.xcconfig"; sourceTree = "<group>"; };
		4C870968FCD8BA292DFA29D9 /* Pods_GithubProfileTests.framework */ = {isa = PBXFileReference; explicitFileType = wrapper.framework; includeInIndex = 0; path = Pods_GithubProfileTests.framework; sourceTree = BUILT_PRODUCTS_DIR; };
		7D89F37651EF82BFE92F8B43 /* Pods_GithubProfile.framework */ = {isa = PBXFileReference; explicitFileType = wrapper.framework; includeInIndex = 0; path = Pods_GithubProfile.framework; sourceTree = BUILT_PRODUCTS_DIR; };
		820D96C8103BE32B2E542023 /* Pods_GithubProfile_GithubProfileUITests.framework */ = {isa = PBXFileReference; explicitFileType = wrapper.framework; includeInIndex = 0; path = Pods_GithubProfile_GithubProfileUITests.framework; sourceTree = BUILT_PRODUCTS_DIR; };
		84CB84883C3ECC9E9FC000A1 /* Pods-GithubProfile.debug.xcconfig */ = {isa = PBXFileReference; includeInIndex = 1; lastKnownFileType = text.xcconfig; name = "Pods-GithubProfile.debug.xcconfig"; path = "Target Support Files/Pods-GithubProfile/Pods-GithubProfile.debug.xcconfig"; sourceTree = "<group>"; };
		B617DA8C26736E39005EA086 /* ProfileViewPresenter.swift */ = {isa = PBXFileReference; lastKnownFileType = sourcecode.swift; path = ProfileViewPresenter.swift; sourceTree = "<group>"; };
		B617DA9426737091005EA086 /* RepositoryItem.swift */ = {isa = PBXFileReference; lastKnownFileType = sourcecode.swift; path = RepositoryItem.swift; sourceTree = "<group>"; };
		B617DA9C26740002005EA086 /* HorizontalRepositoryCollectionView.swift */ = {isa = PBXFileReference; lastKnownFileType = sourcecode.swift; path = HorizontalRepositoryCollectionView.swift; sourceTree = "<group>"; };
		B64768F626706E0500F93CA4 /* GithubProfile.app */ = {isa = PBXFileReference; explicitFileType = wrapper.application; includeInIndex = 0; path = GithubProfile.app; sourceTree = BUILT_PRODUCTS_DIR; };
		B64768F926706E0500F93CA4 /* AppDelegate.swift */ = {isa = PBXFileReference; lastKnownFileType = sourcecode.swift; path = AppDelegate.swift; sourceTree = "<group>"; };
		B64768FD26706E0500F93CA4 /* ProfileViewController.swift */ = {isa = PBXFileReference; lastKnownFileType = sourcecode.swift; path = ProfileViewController.swift; sourceTree = "<group>"; };
		B647690226706E0600F93CA4 /* Assets.xcassets */ = {isa = PBXFileReference; lastKnownFileType = folder.assetcatalog; path = Assets.xcassets; sourceTree = "<group>"; };
		B647690526706E0600F93CA4 /* Base */ = {isa = PBXFileReference; lastKnownFileType = file.storyboard; name = Base; path = Base.lproj/LaunchScreen.storyboard; sourceTree = "<group>"; };
		B647690726706E0600F93CA4 /* Info.plist */ = {isa = PBXFileReference; lastKnownFileType = text.plist.xml; path = Info.plist; sourceTree = "<group>"; };
		B647690C26706E0600F93CA4 /* GithubProfileTests.xctest */ = {isa = PBXFileReference; explicitFileType = wrapper.cfbundle; includeInIndex = 0; path = GithubProfileTests.xctest; sourceTree = BUILT_PRODUCTS_DIR; };
		B647691226706E0600F93CA4 /* Info.plist */ = {isa = PBXFileReference; lastKnownFileType = text.plist.xml; path = Info.plist; sourceTree = "<group>"; };
		B647691726706E0600F93CA4 /* GithubProfileUITests.xctest */ = {isa = PBXFileReference; explicitFileType = wrapper.cfbundle; includeInIndex = 0; path = GithubProfileUITests.xctest; sourceTree = BUILT_PRODUCTS_DIR; };
		B647691B26706E0600F93CA4 /* GithubProfileUITests.swift */ = {isa = PBXFileReference; lastKnownFileType = sourcecode.swift; path = GithubProfileUITests.swift; sourceTree = "<group>"; };
		B647691D26706E0600F93CA4 /* Info.plist */ = {isa = PBXFileReference; lastKnownFileType = text.plist.xml; path = Info.plist; sourceTree = "<group>"; };
		B64769342670905F00F93CA4 /* Extensions.swift */ = {isa = PBXFileReference; lastKnownFileType = sourcecode.swift; path = Extensions.swift; sourceTree = "<group>"; };
		B647695026713AE600F93CA4 /* schema.graphql */ = {isa = PBXFileReference; fileEncoding = 4; lastKnownFileType = text; path = schema.graphql; sourceTree = "<group>"; };
		B6476A0A2671EE9400F93CA4 /* API.swift */ = {isa = PBXFileReference; fileEncoding = 4; lastKnownFileType = sourcecode.swift; path = API.swift; sourceTree = "<group>"; };
		B6476A0F2671F54600F93CA4 /* NetworkManager.swift */ = {isa = PBXFileReference; lastKnownFileType = sourcecode.swift; path = NetworkManager.swift; sourceTree = "<group>"; };
		B6476A162671F9EA00F93CA4 /* ResponseLoggingInterceptor.swift */ = {isa = PBXFileReference; lastKnownFileType = sourcecode.swift; path = ResponseLoggingInterceptor.swift; sourceTree = "<group>"; };
		B6476A1F2671FA4C00F93CA4 /* RequestLoggingInterceptor.swift */ = {isa = PBXFileReference; lastKnownFileType = sourcecode.swift; path = RequestLoggingInterceptor.swift; sourceTree = "<group>"; };
		B6476A252672349D00F93CA4 /* HorizontalRepocitoryTableViewCell.swift */ = {isa = PBXFileReference; lastKnownFileType = sourcecode.swift; path = HorizontalRepocitoryTableViewCell.swift; sourceTree = "<group>"; };
		B6476A2A267234AC00F93CA4 /* PinnedRepoTableViewCell.swift */ = {isa = PBXFileReference; lastKnownFileType = sourcecode.swift; path = PinnedRepoTableViewCell.swift; sourceTree = "<group>"; };
		B6476A2F267234CA00F93CA4 /* RepoSectionHeader.swift */ = {isa = PBXFileReference; lastKnownFileType = sourcecode.swift; path = RepoSectionHeader.swift; sourceTree = "<group>"; };
		B6476A372672374000F93CA4 /* ProfileDetailView.swift */ = {isa = PBXFileReference; lastKnownFileType = sourcecode.swift; path = ProfileDetailView.swift; sourceTree = "<group>"; };
		B6476A4426723C6D00F93CA4 /* Enums.swift */ = {isa = PBXFileReference; lastKnownFileType = sourcecode.swift; path = Enums.swift; sourceTree = "<group>"; };
		B6476A6626726F6A00F93CA4 /* Profile.swift */ = {isa = PBXFileReference; lastKnownFileType = sourcecode.swift; path = Profile.swift; sourceTree = "<group>"; };
		B6AE911C2676C9C10079C807 /* CacheManager.swift */ = {isa = PBXFileReference; lastKnownFileType = sourcecode.swift; path = CacheManager.swift; sourceTree = "<group>"; };
		B6AE9136267721010079C807 /* ProfileViewPresenterTest.swift */ = {isa = PBXFileReference; lastKnownFileType = sourcecode.swift; path = ProfileViewPresenterTest.swift; sourceTree = "<group>"; };
		B6AE91522677325F0079C807 /* DataManager.swift */ = {isa = PBXFileReference; lastKnownFileType = sourcecode.swift; path = DataManager.swift; sourceTree = "<group>"; };
		B6AE9166267736E10079C807 /* MockDataManager.swift */ = {isa = PBXFileReference; lastKnownFileType = sourcecode.swift; path = MockDataManager.swift; sourceTree = "<group>"; };
		B6AE916B267738CB0079C807 /* MockDataFailedManager.swift */ = {isa = PBXFileReference; lastKnownFileType = sourcecode.swift; path = MockDataFailedManager.swift; sourceTree = "<group>"; };
		B6AE917026773A4A0079C807 /* ProfileViewPresenterSpy.swift */ = {isa = PBXFileReference; lastKnownFileType = sourcecode.swift; path = ProfileViewPresenterSpy.swift; sourceTree = "<group>"; };
		B6AE9178267747A60079C807 /* PinnedRepoCellSpy.swift */ = {isa = PBXFileReference; lastKnownFileType = sourcecode.swift; path = PinnedRepoCellSpy.swift; sourceTree = "<group>"; };
		B6CCE5BD267665360079D7F7 /* Constant.swift */ = {isa = PBXFileReference; lastKnownFileType = sourcecode.swift; path = Constant.swift; sourceTree = "<group>"; };
		B6CCE5C3267671380079D7F7 /* SourceSansPro-ExtraLightItalic.ttf */ = {isa = PBXFileReference; lastKnownFileType = file; path = "SourceSansPro-ExtraLightItalic.ttf"; sourceTree = "<group>"; };
		B6CCE5C42676713D0079D7F7 /* SourceSansPro-SemiBold.ttf */ = {isa = PBXFileReference; lastKnownFileType = file; path = "SourceSansPro-SemiBold.ttf"; sourceTree = "<group>"; };
		B6CCE5C5267671410079D7F7 /* SourceSansPro-BoldItalic.ttf */ = {isa = PBXFileReference; lastKnownFileType = file; path = "SourceSansPro-BoldItalic.ttf"; sourceTree = "<group>"; };
		B6CCE5C6267671460079D7F7 /* SourceSansPro-LightItalic.ttf */ = {isa = PBXFileReference; lastKnownFileType = file; path = "SourceSansPro-LightItalic.ttf"; sourceTree = "<group>"; };
		B6CCE5C72676714B0079D7F7 /* SourceSansPro-Italic.ttf */ = {isa = PBXFileReference; lastKnownFileType = file; path = "SourceSansPro-Italic.ttf"; sourceTree = "<group>"; };
		B6CCE5C82676714F0079D7F7 /* SourceSansPro-Bold.ttf */ = {isa = PBXFileReference; lastKnownFileType = file; path = "SourceSansPro-Bold.ttf"; sourceTree = "<group>"; };
		B6CCE5C9267671530079D7F7 /* SourceSansPro-ExtraLight.ttf */ = {isa = PBXFileReference; lastKnownFileType = file; path = "SourceSansPro-ExtraLight.ttf"; sourceTree = "<group>"; };
		B6CCE5CA267671570079D7F7 /* SourceSansPro-Light.ttf */ = {isa = PBXFileReference; lastKnownFileType = file; path = "SourceSansPro-Light.ttf"; sourceTree = "<group>"; };
		B6CCE5CB2676715B0079D7F7 /* SourceSansPro-Regular.ttf */ = {isa = PBXFileReference; lastKnownFileType = file; path = "SourceSansPro-Regular.ttf"; sourceTree = "<group>"; };
		B6CCE5CC2676715F0079D7F7 /* SourceSansPro-SemiBoldItalic.ttf */ = {isa = PBXFileReference; lastKnownFileType = file; path = "SourceSansPro-SemiBoldItalic.ttf"; sourceTree = "<group>"; };
		B6CCE5CD267671640079D7F7 /* SourceSansPro-BlackItalic.ttf */ = {isa = PBXFileReference; lastKnownFileType = file; path = "SourceSansPro-BlackItalic.ttf"; sourceTree = "<group>"; };
		B6CCE5CE267671680079D7F7 /* SourceSansPro-Black.ttf */ = {isa = PBXFileReference; lastKnownFileType = file; path = "SourceSansPro-Black.ttf"; sourceTree = "<group>"; };
		B7E9FF53DE63681C268A8EB6 /* Pods-GithubProfile.release.xcconfig */ = {isa = PBXFileReference; includeInIndex = 1; lastKnownFileType = text.xcconfig; name = "Pods-GithubProfile.release.xcconfig"; path = "Target Support Files/Pods-GithubProfile/Pods-GithubProfile.release.xcconfig"; sourceTree = "<group>"; };
		F2BBB406EB5ACEE4B582DC5C /* Pods-GithubProfile-GithubProfileUITests.debug.xcconfig */ = {isa = PBXFileReference; includeInIndex = 1; lastKnownFileType = text.xcconfig; name = "Pods-GithubProfile-GithubProfileUITests.debug.xcconfig"; path = "Target Support Files/Pods-GithubProfile-GithubProfileUITests/Pods-GithubProfile-GithubProfileUITests.debug.xcconfig"; sourceTree = "<group>"; };
/* End PBXFileReference section */

/* Begin PBXFrameworksBuildPhase section */
		B64768F326706E0500F93CA4 /* Frameworks */ = {
			isa = PBXFrameworksBuildPhase;
			buildActionMask = 2147483647;
			files = (
				A38EEC242ACACD9BDAF25275 /* Pods_GithubProfile.framework in Frameworks */,
			);
			runOnlyForDeploymentPostprocessing = 0;
		};
		B647690926706E0600F93CA4 /* Frameworks */ = {
			isa = PBXFrameworksBuildPhase;
			buildActionMask = 2147483647;
			files = (
				F01A033A6ED2894181507243 /* Pods_GithubProfileTests.framework in Frameworks */,
			);
			runOnlyForDeploymentPostprocessing = 0;
		};
		B647691426706E0600F93CA4 /* Frameworks */ = {
			isa = PBXFrameworksBuildPhase;
			buildActionMask = 2147483647;
			files = (
				E63C7D1E06A8B62C36826169 /* Pods_GithubProfile_GithubProfileUITests.framework in Frameworks */,
			);
			runOnlyForDeploymentPostprocessing = 0;
		};
/* End PBXFrameworksBuildPhase section */

/* Begin PBXGroup section */
		6BB15626C1438C4567B78CF7 /* Frameworks */ = {
			isa = PBXGroup;
			children = (
				7D89F37651EF82BFE92F8B43 /* Pods_GithubProfile.framework */,
				820D96C8103BE32B2E542023 /* Pods_GithubProfile_GithubProfileUITests.framework */,
				4C870968FCD8BA292DFA29D9 /* Pods_GithubProfileTests.framework */,
			);
			name = Frameworks;
			sourceTree = "<group>";
		};
		B64768ED26706E0500F93CA4 = {
			isa = PBXGroup;
			children = (
				B64768F826706E0500F93CA4 /* GithubProfile */,
				B647690F26706E0600F93CA4 /* GithubProfileTests */,
				B647691A26706E0600F93CA4 /* GithubProfileUITests */,
				B64768F726706E0500F93CA4 /* Products */,
				BABA6E1AC09B793F76122A4A /* Pods */,
				6BB15626C1438C4567B78CF7 /* Frameworks */,
			);
			sourceTree = "<group>";
		};
		B64768F726706E0500F93CA4 /* Products */ = {
			isa = PBXGroup;
			children = (
				B64768F626706E0500F93CA4 /* GithubProfile.app */,
				B647690C26706E0600F93CA4 /* GithubProfileTests.xctest */,
				B647691726706E0600F93CA4 /* GithubProfileUITests.xctest */,
			);
			name = Products;
			sourceTree = "<group>";
		};
		B64768F826706E0500F93CA4 /* GithubProfile */ = {
			isa = PBXGroup;
			children = (
				B6476932267088BB00F93CA4 /* MainFIles */,
				B647692C2670887100F93CA4 /* Models */,
				B647692E2670888200F93CA4 /* Views */,
				B647692F2670888B00F93CA4 /* Presenters */,
				B6476931267088AD00F93CA4 /* Managers */,
				B6476930267088A300F93CA4 /* Helpers */,
				B6476933267088D800F93CA4 /* Resources */,
			);
			path = GithubProfile;
			sourceTree = "<group>";
		};
		B647690F26706E0600F93CA4 /* GithubProfileTests */ = {
			isa = PBXGroup;
			children = (
				B6AE913B2677245F0079C807 /* Helpers */,
				B6AE912A267720C60079C807 /* Presenters */,
				B647691226706E0600F93CA4 /* Info.plist */,
			);
			path = GithubProfileTests;
			sourceTree = "<group>";
		};
		B647691A26706E0600F93CA4 /* GithubProfileUITests */ = {
			isa = PBXGroup;
			children = (
				B647691B26706E0600F93CA4 /* GithubProfileUITests.swift */,
				B647691D26706E0600F93CA4 /* Info.plist */,
			);
			path = GithubProfileUITests;
			sourceTree = "<group>";
		};
		B647692C2670887100F93CA4 /* Models */ = {
			isa = PBXGroup;
			children = (
				B6476A6626726F6A00F93CA4 /* Profile.swift */,
				B617DA9426737091005EA086 /* RepositoryItem.swift */,
			);
			path = Models;
			sourceTree = "<group>";
		};
		B647692E2670888200F93CA4 /* Views */ = {
			isa = PBXGroup;
			children = (
				B64768FD26706E0500F93CA4 /* ProfileViewController.swift */,
				B6476A252672349D00F93CA4 /* HorizontalRepocitoryTableViewCell.swift */,
				B6476A2A267234AC00F93CA4 /* PinnedRepoTableViewCell.swift */,
				B6476A2F267234CA00F93CA4 /* RepoSectionHeader.swift */,
				B6476A372672374000F93CA4 /* ProfileDetailView.swift */,
				B617DA9C26740002005EA086 /* HorizontalRepositoryCollectionView.swift */,
			);
			path = Views;
			sourceTree = "<group>";
		};
		B647692F2670888B00F93CA4 /* Presenters */ = {
			isa = PBXGroup;
			children = (
				B617DA8C26736E39005EA086 /* ProfileViewPresenter.swift */,
			);
			path = Presenters;
			sourceTree = "<group>";
		};
		B6476930267088A300F93CA4 /* Helpers */ = {
			isa = PBXGroup;
			children = (
				B64769342670905F00F93CA4 /* Extensions.swift */,
				B6476A4426723C6D00F93CA4 /* Enums.swift */,
				B6CCE5BD267665360079D7F7 /* Constant.swift */,
			);
			path = Helpers;
			sourceTree = "<group>";
		};
		B6476931267088AD00F93CA4 /* Managers */ = {
			isa = PBXGroup;
			children = (
				B6476A152671F9D200F93CA4 /* Interceptors */,
				B64769D72671E05C00F93CA4 /* GraphQL */,
				B6476A0F2671F54600F93CA4 /* NetworkManager.swift */,
				B6AE911C2676C9C10079C807 /* CacheManager.swift */,
				B6AE91522677325F0079C807 /* DataManager.swift */,
			);
			path = Managers;
			sourceTree = "<group>";
		};
		B6476932267088BB00F93CA4 /* MainFIles */ = {
			isa = PBXGroup;
			children = (
				B647690426706E0600F93CA4 /* LaunchScreen.storyboard */,
				B64768F926706E0500F93CA4 /* AppDelegate.swift */,
				B647690726706E0600F93CA4 /* Info.plist */,
			);
			path = MainFIles;
			sourceTree = "<group>";
		};
		B6476933267088D800F93CA4 /* Resources */ = {
			isa = PBXGroup;
			children = (
				B6CCE5C22676711F0079D7F7 /* Fonts */,
				B647695026713AE600F93CA4 /* schema.graphql */,
				B647690226706E0600F93CA4 /* Assets.xcassets */,
			);
			path = Resources;
			sourceTree = "<group>";
		};
		B64769D72671E05C00F93CA4 /* GraphQL */ = {
			isa = PBXGroup;
			children = (
				B6476A0A2671EE9400F93CA4 /* API.swift */,
			);
			path = GraphQL;
			sourceTree = "<group>";
		};
		B6476A152671F9D200F93CA4 /* Interceptors */ = {
			isa = PBXGroup;
			children = (
				B6476A162671F9EA00F93CA4 /* ResponseLoggingInterceptor.swift */,
				B6476A1F2671FA4C00F93CA4 /* RequestLoggingInterceptor.swift */,
			);
			path = Interceptors;
			sourceTree = "<group>";
		};
		B6AE912A267720C60079C807 /* Presenters */ = {
			isa = PBXGroup;
			children = (
				B6AE9136267721010079C807 /* ProfileViewPresenterTest.swift */,
			);
			path = Presenters;
			sourceTree = "<group>";
		};
		B6AE913B2677245F0079C807 /* Helpers */ = {
			isa = PBXGroup;
			children = (
				B6AE913C267724660079C807 /* View */,
				B6AE9166267736E10079C807 /* MockDataManager.swift */,
				B6AE916B267738CB0079C807 /* MockDataFailedManager.swift */,
				B6AE917026773A4A0079C807 /* ProfileViewPresenterSpy.swift */,
			);
			path = Helpers;
			sourceTree = "<group>";
		};
		B6AE913C267724660079C807 /* View */ = {
			isa = PBXGroup;
			children = (
				B6AE9178267747A60079C807 /* PinnedRepoCellSpy.swift */,
			);
			path = View;
			sourceTree = "<group>";
		};
		B6CCE5C22676711F0079D7F7 /* Fonts */ = {
			isa = PBXGroup;
			children = (
				B6CCE5CE267671680079D7F7 /* SourceSansPro-Black.ttf */,
				B6CCE5CD267671640079D7F7 /* SourceSansPro-BlackItalic.ttf */,
				B6CCE5C82676714F0079D7F7 /* SourceSansPro-Bold.ttf */,
				B6CCE5C5267671410079D7F7 /* SourceSansPro-BoldItalic.ttf */,
				B6CCE5C9267671530079D7F7 /* SourceSansPro-ExtraLight.ttf */,
				B6CCE5C3267671380079D7F7 /* SourceSansPro-ExtraLightItalic.ttf */,
				B6CCE5C72676714B0079D7F7 /* SourceSansPro-Italic.ttf */,
				B6CCE5CA267671570079D7F7 /* SourceSansPro-Light.ttf */,
				B6CCE5C6267671460079D7F7 /* SourceSansPro-LightItalic.ttf */,
				B6CCE5CB2676715B0079D7F7 /* SourceSansPro-Regular.ttf */,
				B6CCE5C42676713D0079D7F7 /* SourceSansPro-SemiBold.ttf */,
				B6CCE5CC2676715F0079D7F7 /* SourceSansPro-SemiBoldItalic.ttf */,
			);
			path = Fonts;
			sourceTree = "<group>";
		};
		BABA6E1AC09B793F76122A4A /* Pods */ = {
			isa = PBXGroup;
			children = (
				84CB84883C3ECC9E9FC000A1 /* Pods-GithubProfile.debug.xcconfig */,
				B7E9FF53DE63681C268A8EB6 /* Pods-GithubProfile.release.xcconfig */,
				F2BBB406EB5ACEE4B582DC5C /* Pods-GithubProfile-GithubProfileUITests.debug.xcconfig */,
				2361B7E88778BD2A804481F7 /* Pods-GithubProfile-GithubProfileUITests.release.xcconfig */,
				11ECBA2CE0467AAA6CE5171B /* Pods-GithubProfileTests.debug.xcconfig */,
				16FB7F4E5BEFF542A23806D8 /* Pods-GithubProfileTests.release.xcconfig */,
			);
			path = Pods;
			sourceTree = "<group>";
		};
/* End PBXGroup section */

/* Begin PBXNativeTarget section */
		B64768F526706E0500F93CA4 /* GithubProfile */ = {
			isa = PBXNativeTarget;
			buildConfigurationList = B647692026706E0600F93CA4 /* Build configuration list for PBXNativeTarget "GithubProfile" */;
			buildPhases = (
				907EFB9CB0E5E216BAC8360B /* [CP] Check Pods Manifest.lock */,
				B647695A26713B6F00F93CA4 /* GraphQL API */,
				B64768F226706E0500F93CA4 /* Sources */,
				B64768F326706E0500F93CA4 /* Frameworks */,
				B64768F426706E0500F93CA4 /* Resources */,
				1ED3E643897BDC5F68A7711E /* [CP] Embed Pods Frameworks */,
			);
			buildRules = (
			);
			dependencies = (
			);
			name = GithubProfile;
			productName = GithubProfile;
			productReference = B64768F626706E0500F93CA4 /* GithubProfile.app */;
			productType = "com.apple.product-type.application";
		};
		B647690B26706E0600F93CA4 /* GithubProfileTests */ = {
			isa = PBXNativeTarget;
			buildConfigurationList = B647692326706E0600F93CA4 /* Build configuration list for PBXNativeTarget "GithubProfileTests" */;
			buildPhases = (
				6F66518EFB9B80DED4CB9C8D /* [CP] Check Pods Manifest.lock */,
				B647690826706E0600F93CA4 /* Sources */,
				B647690926706E0600F93CA4 /* Frameworks */,
				B647690A26706E0600F93CA4 /* Resources */,
			);
			buildRules = (
			);
			dependencies = (
				B647690E26706E0600F93CA4 /* PBXTargetDependency */,
			);
			name = GithubProfileTests;
			productName = GithubProfileTests;
			productReference = B647690C26706E0600F93CA4 /* GithubProfileTests.xctest */;
			productType = "com.apple.product-type.bundle.unit-test";
		};
		B647691626706E0600F93CA4 /* GithubProfileUITests */ = {
			isa = PBXNativeTarget;
			buildConfigurationList = B647692626706E0600F93CA4 /* Build configuration list for PBXNativeTarget "GithubProfileUITests" */;
			buildPhases = (
				BDB80468434282D378255640 /* [CP] Check Pods Manifest.lock */,
				B647691326706E0600F93CA4 /* Sources */,
				B647691426706E0600F93CA4 /* Frameworks */,
				B647691526706E0600F93CA4 /* Resources */,
				33549F1F2716FCDDF2D7E2DF /* [CP] Embed Pods Frameworks */,
			);
			buildRules = (
			);
			dependencies = (
				B647691926706E0600F93CA4 /* PBXTargetDependency */,
			);
			name = GithubProfileUITests;
			productName = GithubProfileUITests;
			productReference = B647691726706E0600F93CA4 /* GithubProfileUITests.xctest */;
			productType = "com.apple.product-type.bundle.ui-testing";
		};
/* End PBXNativeTarget section */

/* Begin PBXProject section */
		B64768EE26706E0500F93CA4 /* Project object */ = {
			isa = PBXProject;
			attributes = {
				LastSwiftUpdateCheck = 1230;
				LastUpgradeCheck = 1230;
				TargetAttributes = {
					B64768F526706E0500F93CA4 = {
						CreatedOnToolsVersion = 12.3;
					};
					B647690B26706E0600F93CA4 = {
						CreatedOnToolsVersion = 12.3;
						TestTargetID = B64768F526706E0500F93CA4;
					};
					B647691626706E0600F93CA4 = {
						CreatedOnToolsVersion = 12.3;
						TestTargetID = B64768F526706E0500F93CA4;
					};
				};
			};
			buildConfigurationList = B64768F126706E0500F93CA4 /* Build configuration list for PBXProject "GithubProfile" */;
			compatibilityVersion = "Xcode 9.3";
			developmentRegion = en;
			hasScannedForEncodings = 0;
			knownRegions = (
				en,
				Base,
			);
			mainGroup = B64768ED26706E0500F93CA4;
			productRefGroup = B64768F726706E0500F93CA4 /* Products */;
			projectDirPath = "";
			projectRoot = "";
			targets = (
				B64768F526706E0500F93CA4 /* GithubProfile */,
				B647690B26706E0600F93CA4 /* GithubProfileTests */,
				B647691626706E0600F93CA4 /* GithubProfileUITests */,
			);
		};
/* End PBXProject section */

/* Begin PBXResourcesBuildPhase section */
		B64768F426706E0500F93CA4 /* Resources */ = {
			isa = PBXResourcesBuildPhase;
			buildActionMask = 2147483647;
			files = (
				B6CCE5D2267678230079D7F7 /* SourceSansPro-Black.ttf in Resources */,
				B6CCE5D3267678230079D7F7 /* SourceSansPro-BlackItalic.ttf in Resources */,
				B6CCE5D4267678230079D7F7 /* SourceSansPro-Bold.ttf in Resources */,
				B6CCE5D5267678230079D7F7 /* SourceSansPro-BoldItalic.ttf in Resources */,
				B6CCE5D6267678230079D7F7 /* SourceSansPro-ExtraLight.ttf in Resources */,
				B6CCE5D7267678230079D7F7 /* SourceSansPro-ExtraLightItalic.ttf in Resources */,
				B6CCE5D8267678230079D7F7 /* SourceSansPro-Italic.ttf in Resources */,
				B6CCE5D9267678230079D7F7 /* SourceSansPro-Light.ttf in Resources */,
				B6CCE5DA267678230079D7F7 /* SourceSansPro-LightItalic.ttf in Resources */,
				B6CCE5DB267678230079D7F7 /* SourceSansPro-Regular.ttf in Resources */,
				B6CCE5DC267678230079D7F7 /* SourceSansPro-SemiBold.ttf in Resources */,
				B6CCE5DD267678230079D7F7 /* SourceSansPro-SemiBoldItalic.ttf in Resources */,
				B647695126713AE600F93CA4 /* schema.graphql in Resources */,
				B647690626706E0600F93CA4 /* LaunchScreen.storyboard in Resources */,
				B647690326706E0600F93CA4 /* Assets.xcassets in Resources */,
			);
			runOnlyForDeploymentPostprocessing = 0;
		};
		B647690A26706E0600F93CA4 /* Resources */ = {
			isa = PBXResourcesBuildPhase;
			buildActionMask = 2147483647;
			files = (
			);
			runOnlyForDeploymentPostprocessing = 0;
		};
		B647691526706E0600F93CA4 /* Resources */ = {
			isa = PBXResourcesBuildPhase;
			buildActionMask = 2147483647;
			files = (
			);
			runOnlyForDeploymentPostprocessing = 0;
		};
/* End PBXResourcesBuildPhase section */

/* Begin PBXShellScriptBuildPhase section */
		1ED3E643897BDC5F68A7711E /* [CP] Embed Pods Frameworks */ = {
			isa = PBXShellScriptBuildPhase;
			buildActionMask = 2147483647;
			files = (
			);
			inputFileListPaths = (
				"${PODS_ROOT}/Target Support Files/Pods-GithubProfile/Pods-GithubProfile-frameworks-${CONFIGURATION}-input-files.xcfilelist",
			);
			name = "[CP] Embed Pods Frameworks";
			outputFileListPaths = (
				"${PODS_ROOT}/Target Support Files/Pods-GithubProfile/Pods-GithubProfile-frameworks-${CONFIGURATION}-output-files.xcfilelist",
			);
			runOnlyForDeploymentPostprocessing = 0;
			shellPath = /bin/sh;
			shellScript = "\"${PODS_ROOT}/Target Support Files/Pods-GithubProfile/Pods-GithubProfile-frameworks.sh\"\n";
			showEnvVarsInLog = 0;
		};
		33549F1F2716FCDDF2D7E2DF /* [CP] Embed Pods Frameworks */ = {
			isa = PBXShellScriptBuildPhase;
			buildActionMask = 2147483647;
			files = (
			);
			inputFileListPaths = (
				"${PODS_ROOT}/Target Support Files/Pods-GithubProfile-GithubProfileUITests/Pods-GithubProfile-GithubProfileUITests-frameworks-${CONFIGURATION}-input-files.xcfilelist",
			);
			name = "[CP] Embed Pods Frameworks";
			outputFileListPaths = (
				"${PODS_ROOT}/Target Support Files/Pods-GithubProfile-GithubProfileUITests/Pods-GithubProfile-GithubProfileUITests-frameworks-${CONFIGURATION}-output-files.xcfilelist",
			);
			runOnlyForDeploymentPostprocessing = 0;
			shellPath = /bin/sh;
			shellScript = "\"${PODS_ROOT}/Target Support Files/Pods-GithubProfile-GithubProfileUITests/Pods-GithubProfile-GithubProfileUITests-frameworks.sh\"\n";
			showEnvVarsInLog = 0;
		};
		6F66518EFB9B80DED4CB9C8D /* [CP] Check Pods Manifest.lock */ = {
			isa = PBXShellScriptBuildPhase;
			buildActionMask = 2147483647;
			files = (
			);
			inputFileListPaths = (
			);
			inputPaths = (
				"${PODS_PODFILE_DIR_PATH}/Podfile.lock",
				"${PODS_ROOT}/Manifest.lock",
			);
			name = "[CP] Check Pods Manifest.lock";
			outputFileListPaths = (
			);
			outputPaths = (
				"$(DERIVED_FILE_DIR)/Pods-GithubProfileTests-checkManifestLockResult.txt",
			);
			runOnlyForDeploymentPostprocessing = 0;
			shellPath = /bin/sh;
			shellScript = "diff \"${PODS_PODFILE_DIR_PATH}/Podfile.lock\" \"${PODS_ROOT}/Manifest.lock\" > /dev/null\nif [ $? != 0 ] ; then\n    # print error to STDERR\n    echo \"error: The sandbox is not in sync with the Podfile.lock. Run 'pod install' or update your CocoaPods installation.\" >&2\n    exit 1\nfi\n# This output is used by Xcode 'outputs' to avoid re-running this script phase.\necho \"SUCCESS\" > \"${SCRIPT_OUTPUT_FILE_0}\"\n";
			showEnvVarsInLog = 0;
		};
		907EFB9CB0E5E216BAC8360B /* [CP] Check Pods Manifest.lock */ = {
			isa = PBXShellScriptBuildPhase;
			buildActionMask = 2147483647;
			files = (
			);
			inputFileListPaths = (
			);
			inputPaths = (
				"${PODS_PODFILE_DIR_PATH}/Podfile.lock",
				"${PODS_ROOT}/Manifest.lock",
			);
			name = "[CP] Check Pods Manifest.lock";
			outputFileListPaths = (
			);
			outputPaths = (
				"$(DERIVED_FILE_DIR)/Pods-GithubProfile-checkManifestLockResult.txt",
			);
			runOnlyForDeploymentPostprocessing = 0;
			shellPath = /bin/sh;
			shellScript = "diff \"${PODS_PODFILE_DIR_PATH}/Podfile.lock\" \"${PODS_ROOT}/Manifest.lock\" > /dev/null\nif [ $? != 0 ] ; then\n    # print error to STDERR\n    echo \"error: The sandbox is not in sync with the Podfile.lock. Run 'pod install' or update your CocoaPods installation.\" >&2\n    exit 1\nfi\n# This output is used by Xcode 'outputs' to avoid re-running this script phase.\necho \"SUCCESS\" > \"${SCRIPT_OUTPUT_FILE_0}\"\n";
			showEnvVarsInLog = 0;
		};
		B647695A26713B6F00F93CA4 /* GraphQL API */ = {
			isa = PBXShellScriptBuildPhase;
			buildActionMask = 2147483647;
			files = (
			);
			inputFileListPaths = (
			);
			inputPaths = (
				"$(SRCROOT)/$(TARGET_NAME)/**/*.graphql",
			);
			name = "GraphQL API";
			outputFileListPaths = (
			);
			outputPaths = (
				"$(SRCROOT)/$(TARGET_NAME)/Managers/GraphQL/API.swift",
			);
			runOnlyForDeploymentPostprocessing = 0;
			shellPath = /bin/sh;
			shellScript = "SCRIPT_PATH=\"${PODS_ROOT}/Apollo/scripts\"\nTARGET_PATH=\"${SRCROOT}/${TARGET_NAME}\"\ncd $TARGET_PATH\n\"${SCRIPT_PATH}\"/run-bundled-codegen.sh schema:download --endpoint=https://api.github.com/graphql Resources/schema.json --header \"Authorization: Bearer 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\"\n\n \"${SCRIPT_PATH}\"/run-bundled-codegen.sh codegen:generate --target=swift --includes=./**/*.graphql --localSchemaFile=\"Resources/schema.json\" $TARGET_PATH/API.swift.new\nif ! diff -q $TARGET_PATH/Managers/GraphQL/API.swift.new $TARGET_PATH/Managers/GraphQL/API.swift; then\n  mv $TARGET_PATH/API.swift.new $TARGET_PATH/Managers/GraphQL/API.swift\nelse\n  rm $TARGET_PATH/API.swift.new\nfi\n \n \n \n \n\n";
		};
		BDB80468434282D378255640 /* [CP] Check Pods Manifest.lock */ = {
			isa = PBXShellScriptBuildPhase;
			buildActionMask = 2147483647;
			files = (
			);
			inputFileListPaths = (
			);
			inputPaths = (
				"${PODS_PODFILE_DIR_PATH}/Podfile.lock",
				"${PODS_ROOT}/Manifest.lock",
			);
			name = "[CP] Check Pods Manifest.lock";
			outputFileListPaths = (
			);
			outputPaths = (
				"$(DERIVED_FILE_DIR)/Pods-GithubProfile-GithubProfileUITests-checkManifestLockResult.txt",
			);
			runOnlyForDeploymentPostprocessing = 0;
			shellPath = /bin/sh;
			shellScript = "diff \"${PODS_PODFILE_DIR_PATH}/Podfile.lock\" \"${PODS_ROOT}/Manifest.lock\" > /dev/null\nif [ $? != 0 ] ; then\n    # print error to STDERR\n    echo \"error: The sandbox is not in sync with the Podfile.lock. Run 'pod install' or update your CocoaPods installation.\" >&2\n    exit 1\nfi\n# This output is used by Xcode 'outputs' to avoid re-running this script phase.\necho \"SUCCESS\" > \"${SCRIPT_OUTPUT_FILE_0}\"\n";
			showEnvVarsInLog = 0;
		};
/* End PBXShellScriptBuildPhase section */

/* Begin PBXSourcesBuildPhase section */
		B64768F226706E0500F93CA4 /* Sources */ = {
			isa = PBXSourcesBuildPhase;
			buildActionMask = 2147483647;
			files = (
				B64768FE26706E0500F93CA4 /* ProfileViewController.swift in Sources */,
				B6AE91532677325F0079C807 /* DataManager.swift in Sources */,
				B6CCE5BE267665360079D7F7 /* Constant.swift in Sources */,
				B64768FA26706E0500F93CA4 /* AppDelegate.swift in Sources */,
				B6476A30267234CA00F93CA4 /* RepoSectionHeader.swift in Sources */,
				B6476A6726726F6A00F93CA4 /* Profile.swift in Sources */,
				B617DA9D26740002005EA086 /* HorizontalRepositoryCollectionView.swift in Sources */,
				B6476A102671F54600F93CA4 /* NetworkManager.swift in Sources */,
				B6476A0B2671EE9400F93CA4 /* API.swift in Sources */,
				B6476A2B267234AC00F93CA4 /* PinnedRepoTableViewCell.swift in Sources */,
				B617DA9526737091005EA086 /* RepositoryItem.swift in Sources */,
				B6476A172671F9EA00F93CA4 /* ResponseLoggingInterceptor.swift in Sources */,
				B6476A4526723C6D00F93CA4 /* Enums.swift in Sources */,
				B6AE911D2676C9C10079C807 /* CacheManager.swift in Sources */,
				B617DA8D26736E39005EA086 /* ProfileViewPresenter.swift in Sources */,
				B6476A202671FA4C00F93CA4 /* RequestLoggingInterceptor.swift in Sources */,
				B6476A262672349D00F93CA4 /* HorizontalRepocitoryTableViewCell.swift in Sources */,
				B6476A382672374000F93CA4 /* ProfileDetailView.swift in Sources */,
				B64769352670905F00F93CA4 /* Extensions.swift in Sources */,
			);
			runOnlyForDeploymentPostprocessing = 0;
		};
		B647690826706E0600F93CA4 /* Sources */ = {
			isa = PBXSourcesBuildPhase;
			buildActionMask = 2147483647;
			files = (
				B6476A112671F54600F93CA4 /* NetworkManager.swift in Sources */,
				B6476A212671FA4C00F93CA4 /* RequestLoggingInterceptor.swift in Sources */,
				B6AE916C267738CB0079C807 /* MockDataFailedManager.swift in Sources */,
				B6AE9167267736E10079C807 /* MockDataManager.swift in Sources */,
				B6AE917126773A4A0079C807 /* ProfileViewPresenterSpy.swift in Sources */,
				B6476A182671F9EA00F93CA4 /* ResponseLoggingInterceptor.swift in Sources */,
				B6AE9179267747A60079C807 /* PinnedRepoCellSpy.swift in Sources */,
				B6AE9137267721010079C807 /* ProfileViewPresenterTest.swift in Sources */,
			);
			runOnlyForDeploymentPostprocessing = 0;
		};
		B647691326706E0600F93CA4 /* Sources */ = {
			isa = PBXSourcesBuildPhase;
			buildActionMask = 2147483647;
			files = (
				B647691C26706E0600F93CA4 /* GithubProfileUITests.swift in Sources */,
			);
			runOnlyForDeploymentPostprocessing = 0;
		};
/* End PBXSourcesBuildPhase section */

/* Begin PBXTargetDependency section */
		B647690E26706E0600F93CA4 /* PBXTargetDependency */ = {
			isa = PBXTargetDependency;
			target = B64768F526706E0500F93CA4 /* GithubProfile */;
			targetProxy = B647690D26706E0600F93CA4 /* PBXContainerItemProxy */;
		};
		B647691926706E0600F93CA4 /* PBXTargetDependency */ = {
			isa = PBXTargetDependency;
			target = B64768F526706E0500F93CA4 /* GithubProfile */;
			targetProxy = B647691826706E0600F93CA4 /* PBXContainerItemProxy */;
		};
/* End PBXTargetDependency section */

/* Begin PBXVariantGroup section */
		B647690426706E0600F93CA4 /* LaunchScreen.storyboard */ = {
			isa = PBXVariantGroup;
			children = (
				B647690526706E0600F93CA4 /* Base */,
			);
			name = LaunchScreen.storyboard;
			sourceTree = "<group>";
		};
/* End PBXVariantGroup section */

/* Begin XCBuildConfiguration section */
		B647691E26706E0600F93CA4 /* Debug */ = {
			isa = XCBuildConfiguration;
			buildSettings = {
				ALWAYS_SEARCH_USER_PATHS = NO;
				CLANG_ANALYZER_NONNULL = YES;
				CLANG_ANALYZER_NUMBER_OBJECT_CONVERSION = YES_AGGRESSIVE;
				CLANG_CXX_LANGUAGE_STANDARD = "gnu++14";
				CLANG_CXX_LIBRARY = "libc++";
				CLANG_ENABLE_MODULES = YES;
				CLANG_ENABLE_OBJC_ARC = YES;
				CLANG_ENABLE_OBJC_WEAK = YES;
				CLANG_WARN_BLOCK_CAPTURE_AUTORELEASING = YES;
				CLANG_WARN_BOOL_CONVERSION = YES;
				CLANG_WARN_COMMA = YES;
				CLANG_WARN_CONSTANT_CONVERSION = YES;
				CLANG_WARN_DEPRECATED_OBJC_IMPLEMENTATIONS = YES;
				CLANG_WARN_DIRECT_OBJC_ISA_USAGE = YES_ERROR;
				CLANG_WARN_DOCUMENTATION_COMMENTS = YES;
				CLANG_WARN_EMPTY_BODY = YES;
				CLANG_WARN_ENUM_CONVERSION = YES;
				CLANG_WARN_INFINITE_RECURSION = YES;
				CLANG_WARN_INT_CONVERSION = YES;
				CLANG_WARN_NON_LITERAL_NULL_CONVERSION = YES;
				CLANG_WARN_OBJC_IMPLICIT_RETAIN_SELF = YES;
				CLANG_WARN_OBJC_LITERAL_CONVERSION = YES;
				CLANG_WARN_OBJC_ROOT_CLASS = YES_ERROR;
				CLANG_WARN_QUOTED_INCLUDE_IN_FRAMEWORK_HEADER = YES;
				CLANG_WARN_RANGE_LOOP_ANALYSIS = YES;
				CLANG_WARN_STRICT_PROTOTYPES = YES;
				CLANG_WARN_SUSPICIOUS_MOVE = YES;
				CLANG_WARN_UNGUARDED_AVAILABILITY = YES_AGGRESSIVE;
				CLANG_WARN_UNREACHABLE_CODE = YES;
				CLANG_WARN__DUPLICATE_METHOD_MATCH = YES;
				COPY_PHASE_STRIP = NO;
				DEBUG_INFORMATION_FORMAT = dwarf;
				ENABLE_STRICT_OBJC_MSGSEND = YES;
				ENABLE_TESTABILITY = YES;
				GCC_C_LANGUAGE_STANDARD = gnu11;
				GCC_DYNAMIC_NO_PIC = NO;
				GCC_NO_COMMON_BLOCKS = YES;
				GCC_OPTIMIZATION_LEVEL = 0;
				GCC_PREPROCESSOR_DEFINITIONS = (
					"DEBUG=1",
					"$(inherited)",
				);
				GCC_WARN_64_TO_32_BIT_CONVERSION = YES;
				GCC_WARN_ABOUT_RETURN_TYPE = YES_ERROR;
				GCC_WARN_UNDECLARED_SELECTOR = YES;
				GCC_WARN_UNINITIALIZED_AUTOS = YES_AGGRESSIVE;
				GCC_WARN_UNUSED_FUNCTION = YES;
				GCC_WARN_UNUSED_VARIABLE = YES;
				IPHONEOS_DEPLOYMENT_TARGET = 11.0;
				MTL_ENABLE_DEBUG_INFO = INCLUDE_SOURCE;
				MTL_FAST_MATH = YES;
				ONLY_ACTIVE_ARCH = YES;
				SDKROOT = iphoneos;
				SWIFT_ACTIVE_COMPILATION_CONDITIONS = DEBUG;
				SWIFT_OPTIMIZATION_LEVEL = "-Onone";
			};
			name = Debug;
		};
		B647691F26706E0600F93CA4 /* Release */ = {
			isa = XCBuildConfiguration;
			buildSettings = {
				ALWAYS_SEARCH_USER_PATHS = NO;
				CLANG_ANALYZER_NONNULL = YES;
				CLANG_ANALYZER_NUMBER_OBJECT_CONVERSION = YES_AGGRESSIVE;
				CLANG_CXX_LANGUAGE_STANDARD = "gnu++14";
				CLANG_CXX_LIBRARY = "libc++";
				CLANG_ENABLE_MODULES = YES;
				CLANG_ENABLE_OBJC_ARC = YES;
				CLANG_ENABLE_OBJC_WEAK = YES;
				CLANG_WARN_BLOCK_CAPTURE_AUTORELEASING = YES;
				CLANG_WARN_BOOL_CONVERSION = YES;
				CLANG_WARN_COMMA = YES;
				CLANG_WARN_CONSTANT_CONVERSION = YES;
				CLANG_WARN_DEPRECATED_OBJC_IMPLEMENTATIONS = YES;
				CLANG_WARN_DIRECT_OBJC_ISA_USAGE = YES_ERROR;
				CLANG_WARN_DOCUMENTATION_COMMENTS = YES;
				CLANG_WARN_EMPTY_BODY = YES;
				CLANG_WARN_ENUM_CONVERSION = YES;
				CLANG_WARN_INFINITE_RECURSION = YES;
				CLANG_WARN_INT_CONVERSION = YES;
				CLANG_WARN_NON_LITERAL_NULL_CONVERSION = YES;
				CLANG_WARN_OBJC_IMPLICIT_RETAIN_SELF = YES;
				CLANG_WARN_OBJC_LITERAL_CONVERSION = YES;
				CLANG_WARN_OBJC_ROOT_CLASS = YES_ERROR;
				CLANG_WARN_QUOTED_INCLUDE_IN_FRAMEWORK_HEADER = YES;
				CLANG_WARN_RANGE_LOOP_ANALYSIS = YES;
				CLANG_WARN_STRICT_PROTOTYPES = YES;
				CLANG_WARN_SUSPICIOUS_MOVE = YES;
				CLANG_WARN_UNGUARDED_AVAILABILITY = YES_AGGRESSIVE;
				CLANG_WARN_UNREACHABLE_CODE = YES;
				CLANG_WARN__DUPLICATE_METHOD_MATCH = YES;
				COPY_PHASE_STRIP = NO;
				DEBUG_INFORMATION_FORMAT = "dwarf-with-dsym";
				ENABLE_NS_ASSERTIONS = NO;
				ENABLE_STRICT_OBJC_MSGSEND = YES;
				GCC_C_LANGUAGE_STANDARD = gnu11;
				GCC_NO_COMMON_BLOCKS = YES;
				GCC_WARN_64_TO_32_BIT_CONVERSION = YES;
				GCC_WARN_ABOUT_RETURN_TYPE = YES_ERROR;
				GCC_WARN_UNDECLARED_SELECTOR = YES;
				GCC_WARN_UNINITIALIZED_AUTOS = YES_AGGRESSIVE;
				GCC_WARN_UNUSED_FUNCTION = YES;
				GCC_WARN_UNUSED_VARIABLE = YES;
				IPHONEOS_DEPLOYMENT_TARGET = 11.0;
				MTL_ENABLE_DEBUG_INFO = NO;
				MTL_FAST_MATH = YES;
				SDKROOT = iphoneos;
				SWIFT_COMPILATION_MODE = wholemodule;
				SWIFT_OPTIMIZATION_LEVEL = "-O";
				VALIDATE_PRODUCT = YES;
			};
			name = Release;
		};
		B647692126706E0600F93CA4 /* Debug */ = {
			isa = XCBuildConfiguration;
			baseConfigurationReference = 84CB84883C3ECC9E9FC000A1 /* Pods-GithubProfile.debug.xcconfig */;
			buildSettings = {
				ASSETCATALOG_COMPILER_APPICON_NAME = AppIcon;
				ASSETCATALOG_COMPILER_GLOBAL_ACCENT_COLOR_NAME = AccentColor;
				CODE_SIGN_STYLE = Automatic;
				DEVELOPMENT_TEAM = 63UUMKQFKU;
				INFOPLIST_FILE = "$(SRCROOT)/GithubProfile/MainFIles/Info.plist";
				LD_RUNPATH_SEARCH_PATHS = (
					"$(inherited)",
					"@executable_path/Frameworks",
				);
				PRODUCT_BUNDLE_IDENTIFIER = com.ai.github.profile.GithubProfile;
				PRODUCT_NAME = "$(TARGET_NAME)";
				SWIFT_VERSION = 5.0;
				TARGETED_DEVICE_FAMILY = "1,2";
			};
			name = Debug;
		};
		B647692226706E0600F93CA4 /* Release */ = {
			isa = XCBuildConfiguration;
			baseConfigurationReference = B7E9FF53DE63681C268A8EB6 /* Pods-GithubProfile.release.xcconfig */;
			buildSettings = {
				ASSETCATALOG_COMPILER_APPICON_NAME = AppIcon;
				ASSETCATALOG_COMPILER_GLOBAL_ACCENT_COLOR_NAME = AccentColor;
				CODE_SIGN_STYLE = Automatic;
				DEVELOPMENT_TEAM = 63UUMKQFKU;
				INFOPLIST_FILE = "$(SRCROOT)/GithubProfile/MainFIles/Info.plist";
				LD_RUNPATH_SEARCH_PATHS = (
					"$(inherited)",
					"@executable_path/Frameworks",
				);
				PRODUCT_BUNDLE_IDENTIFIER = com.ai.github.profile.GithubProfile;
				PRODUCT_NAME = "$(TARGET_NAME)";
				SWIFT_VERSION = 5.0;
				TARGETED_DEVICE_FAMILY = "1,2";
			};
			name = Release;
		};
		B647692426706E0600F93CA4 /* Debug */ = {
			isa = XCBuildConfiguration;
			baseConfigurationReference = 11ECBA2CE0467AAA6CE5171B /* Pods-GithubProfileTests.debug.xcconfig */;
			buildSettings = {
				ALWAYS_EMBED_SWIFT_STANDARD_LIBRARIES = YES;
				BUNDLE_LOADER = "$(TEST_HOST)";
				CODE_SIGN_STYLE = Automatic;
				DEVELOPMENT_TEAM = 63UUMKQFKU;
				INFOPLIST_FILE = GithubProfileTests/Info.plist;
				IPHONEOS_DEPLOYMENT_TARGET = 11.0;
				LD_RUNPATH_SEARCH_PATHS = (
					"$(inherited)",
					"@executable_path/Frameworks",
					"@loader_path/Frameworks",
				);
				PRODUCT_BUNDLE_IDENTIFIER = com.ai.github.profile.GithubProfileTests;
				PRODUCT_NAME = "$(TARGET_NAME)";
				SWIFT_VERSION = 5.0;
				TARGETED_DEVICE_FAMILY = "1,2";
				TEST_HOST = "$(BUILT_PRODUCTS_DIR)/GithubProfile.app/GithubProfile";
			};
			name = Debug;
		};
		B647692526706E0600F93CA4 /* Release */ = {
			isa = XCBuildConfiguration;
			baseConfigurationReference = 16FB7F4E5BEFF542A23806D8 /* Pods-GithubProfileTests.release.xcconfig */;
			buildSettings = {
				ALWAYS_EMBED_SWIFT_STANDARD_LIBRARIES = YES;
				BUNDLE_LOADER = "$(TEST_HOST)";
				CODE_SIGN_STYLE = Automatic;
				DEVELOPMENT_TEAM = 63UUMKQFKU;
				INFOPLIST_FILE = GithubProfileTests/Info.plist;
				IPHONEOS_DEPLOYMENT_TARGET = 11.0;
				LD_RUNPATH_SEARCH_PATHS = (
					"$(inherited)",
					"@executable_path/Frameworks",
					"@loader_path/Frameworks",
				);
				PRODUCT_BUNDLE_IDENTIFIER = com.ai.github.profile.GithubProfileTests;
				PRODUCT_NAME = "$(TARGET_NAME)";
				SWIFT_VERSION = 5.0;
				TARGETED_DEVICE_FAMILY = "1,2";
				TEST_HOST = "$(BUILT_PRODUCTS_DIR)/GithubProfile.app/GithubProfile";
			};
			name = Release;
		};
		B647692726706E0600F93CA4 /* Debug */ = {
			isa = XCBuildConfiguration;
			baseConfigurationReference = F2BBB406EB5ACEE4B582DC5C /* Pods-GithubProfile-GithubProfileUITests.debug.xcconfig */;
			buildSettings = {
				ALWAYS_EMBED_SWIFT_STANDARD_LIBRARIES = YES;
				CODE_SIGN_STYLE = Automatic;
				DEVELOPMENT_TEAM = 63UUMKQFKU;
				INFOPLIST_FILE = GithubProfileUITests/Info.plist;
				LD_RUNPATH_SEARCH_PATHS = (
					"$(inherited)",
					"@executable_path/Frameworks",
					"@loader_path/Frameworks",
				);
				PRODUCT_BUNDLE_IDENTIFIER = com.ai.github.profile.GithubProfileUITests;
				PRODUCT_NAME = "$(TARGET_NAME)";
				SWIFT_VERSION = 5.0;
				TARGETED_DEVICE_FAMILY = "1,2";
				TEST_TARGET_NAME = GithubProfile;
			};
			name = Debug;
		};
		B647692826706E0600F93CA4 /* Release */ = {
			isa = XCBuildConfiguration;
			baseConfigurationReference = 2361B7E88778BD2A804481F7 /* Pods-GithubProfile-GithubProfileUITests.release.xcconfig */;
			buildSettings = {
				ALWAYS_EMBED_SWIFT_STANDARD_LIBRARIES = YES;
				CODE_SIGN_STYLE = Automatic;
				DEVELOPMENT_TEAM = 63UUMKQFKU;
				INFOPLIST_FILE = GithubProfileUITests/Info.plist;
				LD_RUNPATH_SEARCH_PATHS = (
					"$(inherited)",
					"@executable_path/Frameworks",
					"@loader_path/Frameworks",
				);
				PRODUCT_BUNDLE_IDENTIFIER = com.ai.github.profile.GithubProfileUITests;
				PRODUCT_NAME = "$(TARGET_NAME)";
				SWIFT_VERSION = 5.0;
				TARGETED_DEVICE_FAMILY = "1,2";
				TEST_TARGET_NAME = GithubProfile;
			};
			name = Release;
		};
/* End XCBuildConfiguration section */

/* Begin XCConfigurationList section */
		B64768F126706E0500F93CA4 /* Build configuration list for PBXProject "GithubProfile" */ = {
			isa = XCConfigurationList;
			buildConfigurations = (
				B647691E26706E0600F93CA4 /* Debug */,
				B647691F26706E0600F93CA4 /* Release */,
			);
			defaultConfigurationIsVisible = 0;
			defaultConfigurationName = Release;
		};
		B647692026706E0600F93CA4 /* Build configuration list for PBXNativeTarget "GithubProfile" */ = {
			isa = XCConfigurationList;
			buildConfigurations = (
				B647692126706E0600F93CA4 /* Debug */,
				B647692226706E0600F93CA4 /* Release */,
			);
			defaultConfigurationIsVisible = 0;
			defaultConfigurationName = Release;
		};
		B647692326706E0600F93CA4 /* Build configuration list for PBXNativeTarget "GithubProfileTests" */ = {
			isa = XCConfigurationList;
			buildConfigurations = (
				B647692426706E0600F93CA4 /* Debug */,
				B647692526706E0600F93CA4 /* Release */,
			);
			defaultConfigurationIsVisible = 0;
			defaultConfigurationName = Release;
		};
		B647692626706E0600F93CA4 /* Build configuration list for PBXNativeTarget "GithubProfileUITests" */ = {
			isa = XCConfigurationList;
			buildConfigurations = (
				B647692726706E0600F93CA4 /* Debug */,
				B647692826706E0600F93CA4 /* Release */,
			);
			defaultConfigurationIsVisible = 0;
			defaultConfigurationName = Release;
		};
/* End XCConfigurationList section */
	};
	rootObject = B64768EE26706E0500F93CA4 /* Project object */;
}
